schema: '2.0'
stages:
  test_stage:
    cmd:
    - dso exec quarto .
    deps:
    - path: src/test_stage.qmd
      hash: md5
      md5: 7738437826e614530acc89ebcf7d68c4
      size: 367
      isexec: true
    params:
      params.yaml:
        dso.quarto:
          before_script: ''
          author:
          - name: Jane Doe
            affiliations:
            - Example Department
          format:
            html:
              fig-format: svg
              toc: true
              code-fold: true
              embed-resources: true
          page-layout: full
          execute:
            warning: true
            message: false
          date: now
          date-format: YYYY-MMM-DD
        test: testing
    outs:
    - path: report/test_stage.html
      hash: md5
      md5: b1e1700373b78385d582410bef7e09aa
      size: 1126745
      isexec: true
